// !$*UTF8*$!
{
	archiveVersion = 1;
	classes = {
	};
	objectVersion = 46;
	objects = {

/* Begin PBXBuildFile section */
		6A7D2A081C23A89C00B81F60 /* LoginView.m in Sources */ = {isa = PBXBuildFile; fileRef = 6A7D2A071C23A89C00B81F60 /* LoginView.m */; };
		6A7D2A0D1C23AD1900B81F60 /* LoginToViewController.m in Sources */ = {isa = PBXBuildFile; fileRef = 6A7D2A0C1C23AD1900B81F60 /* LoginToViewController.m */; };
		6A8E0F671C2104A300EC19D6 /* main.m in Sources */ = {isa = PBXBuildFile; fileRef = 6A8E0F661C2104A300EC19D6 /* main.m */; };
		6A8E0F6A1C2104A300EC19D6 /* AppDelegate.m in Sources */ = {isa = PBXBuildFile; fileRef = 6A8E0F691C2104A300EC19D6 /* AppDelegate.m */; };
		6A8E0F6D1C2104A300EC19D6 /* LandingViewController.m in Sources */ = {isa = PBXBuildFile; fileRef = 6A8E0F6C1C2104A300EC19D6 /* LandingViewController.m */; };
		6A8E0F731C2104A300EC19D6 /* PerkAppsaholic.xcdatamodeld in Sources */ = {isa = PBXBuildFile; fileRef = 6A8E0F711C2104A300EC19D6 /* PerkAppsaholic.xcdatamodeld */; };
		6A8E0F751C2104A300EC19D6 /* Assets.xcassets in Resources */ = {isa = PBXBuildFile; fileRef = 6A8E0F741C2104A300EC19D6 /* Assets.xcassets */; };
		6A8E0F781C2104A300EC19D6 /* LaunchScreen.storyboard in Resources */ = {isa = PBXBuildFile; fileRef = 6A8E0F761C2104A300EC19D6 /* LaunchScreen.storyboard */; };
		6A8E0F831C2104A300EC19D6 /* PerkAppsaholicTests.m in Sources */ = {isa = PBXBuildFile; fileRef = 6A8E0F821C2104A300EC19D6 /* PerkAppsaholicTests.m */; };
		6A8E0F8E1C2104A300EC19D6 /* PerkAppsaholicUITests.m in Sources */ = {isa = PBXBuildFile; fileRef = 6A8E0F8D1C2104A300EC19D6 /* PerkAppsaholicUITests.m */; };
		6A8E0F9D1C21080C00EC19D6 /* BaseViewController.m in Sources */ = {isa = PBXBuildFile; fileRef = 6A8E0F9C1C21080C00EC19D6 /* BaseViewController.m */; };
		6A8E0FA41C210A1100EC19D6 /* BaseView.m in Sources */ = {isa = PBXBuildFile; fileRef = 6A8E0FA31C210A1100EC19D6 /* BaseView.m */; };
		6A8E0FA71C210AA000EC19D6 /* LandingView.m in Sources */ = {isa = PBXBuildFile; fileRef = 6A8E0FA61C210AA000EC19D6 /* LandingView.m */; };
		6A94AD5C1C2257320093DFF3 /* HeaderView.m in Sources */ = {isa = PBXBuildFile; fileRef = 6A94AD5B1C2257320093DFF3 /* HeaderView.m */; };
		6A94AD651C225B590093DFF3 /* UIButton+MyButton.m in Sources */ = {isa = PBXBuildFile; fileRef = 6A94AD601C225B590093DFF3 /* UIButton+MyButton.m */; };
		6A94AD661C225B590093DFF3 /* UILabel+MyLabel.m in Sources */ = {isa = PBXBuildFile; fileRef = 6A94AD621C225B590093DFF3 /* UILabel+MyLabel.m */; };
		6A94AD671C225B590093DFF3 /* UITextField+MyTextField.m in Sources */ = {isa = PBXBuildFile; fileRef = 6A94AD641C225B590093DFF3 /* UITextField+MyTextField.m */; };
		736776B6440ED4FBF636EE35 /* libPods-PerkAppsaholic.a in Frameworks */ = {isa = PBXBuildFile; fileRef = 0A30401D44C3B9E59DC26A5F /* libPods-PerkAppsaholic.a */; };
		AE5E11AD1C25309700C5A473 /* Utilities.m in Sources */ = {isa = PBXBuildFile; fileRef = AE5E11AC1C25309700C5A473 /* Utilities.m */; };
		AE5E11B01C2559B200C5A473 /* MenuView.m in Sources */ = {isa = PBXBuildFile; fileRef = AE5E11AF1C2559B200C5A473 /* MenuView.m */; };
		AE5E11B31C255D5600C5A473 /* MenuCell.m in Sources */ = {isa = PBXBuildFile; fileRef = AE5E11B21C255D5600C5A473 /* MenuCell.m */; };
		AE5E11C01C256E3000C5A473 /* Bus.png in Resources */ = {isa = PBXBuildFile; fileRef = AE5E11B71C256E3000C5A473 /* Bus.png */; };
		AE5E11C11C256E3000C5A473 /* Bus@2x.png in Resources */ = {isa = PBXBuildFile; fileRef = AE5E11B81C256E3000C5A473 /* Bus@2x.png */; };
		AE5E11C21C256E3000C5A473 /* Bus@3x.png in Resources */ = {isa = PBXBuildFile; fileRef = AE5E11B91C256E3000C5A473 /* Bus@3x.png */; };
		AE5E11C61C256E3000C5A473 /* Logo.png in Resources */ = {isa = PBXBuildFile; fileRef = AE5E11BD1C256E3000C5A473 /* Logo.png */; };
		AE5E11C71C256E3000C5A473 /* Logo@2x.png in Resources */ = {isa = PBXBuildFile; fileRef = AE5E11BE1C256E3000C5A473 /* Logo@2x.png */; };
		AE5E11C81C256E3000C5A473 /* Logo@3x.png in Resources */ = {isa = PBXBuildFile; fileRef = AE5E11BF1C256E3000C5A473 /* Logo@3x.png */; };
		AE5E11CA1C256FBC00C5A473 /* iOSStandardTasks.framework in Frameworks */ = {isa = PBXBuildFile; fileRef = AE5E11C91C256FBC00C5A473 /* iOSStandardTasks.framework */; };
		AE5E11CE1C2570A800C5A473 /* Ham.png in Resources */ = {isa = PBXBuildFile; fileRef = AE5E11CB1C2570A800C5A473 /* Ham.png */; };
		AE5E11CF1C2570A800C5A473 /* Ham@2x.png in Resources */ = {isa = PBXBuildFile; fileRef = AE5E11CC1C2570A800C5A473 /* Ham@2x.png */; };
		AE5E11D01C2570A800C5A473 /* Ham@3x.png in Resources */ = {isa = PBXBuildFile; fileRef = AE5E11CD1C2570A800C5A473 /* Ham@3x.png */; };
/* End PBXBuildFile section */

/* Begin PBXContainerItemProxy section */
		6A8E0F7F1C2104A300EC19D6 /* PBXContainerItemProxy */ = {
			isa = PBXContainerItemProxy;
			containerPortal = 6A8E0F5A1C2104A300EC19D6 /* Project object */;
			proxyType = 1;
			remoteGlobalIDString = 6A8E0F611C2104A300EC19D6;
			remoteInfo = PerkAppsaholic;
		};
		6A8E0F8A1C2104A300EC19D6 /* PBXContainerItemProxy */ = {
			isa = PBXContainerItemProxy;
			containerPortal = 6A8E0F5A1C2104A300EC19D6 /* Project object */;
			proxyType = 1;
			remoteGlobalIDString = 6A8E0F611C2104A300EC19D6;
			remoteInfo = PerkAppsaholic;
		};
/* End PBXContainerItemProxy section */

/* Begin PBXFileReference section */
		05455CACC165109E5C831191 /* Pods-PerkAppsaholic.debug.xcconfig */ = {isa = PBXFileReference; includeInIndex = 1; lastKnownFileType = text.xcconfig; name = "Pods-PerkAppsaholic.debug.xcconfig"; path = "Pods/Target Support Files/Pods-PerkAppsaholic/Pods-PerkAppsaholic.debug.xcconfig"; sourceTree = "<group>"; };
		0A30401D44C3B9E59DC26A5F /* libPods-PerkAppsaholic.a */ = {isa = PBXFileReference; explicitFileType = archive.ar; includeInIndex = 0; path = "libPods-PerkAppsaholic.a"; sourceTree = BUILT_PRODUCTS_DIR; };
		6A7D2A061C23A89C00B81F60 /* LoginView.h */ = {isa = PBXFileReference; fileEncoding = 4; lastKnownFileType = sourcecode.c.h; name = LoginView.h; path = View/Login/LoginView.h; sourceTree = "<group>"; };
		6A7D2A071C23A89C00B81F60 /* LoginView.m */ = {isa = PBXFileReference; fileEncoding = 4; lastKnownFileType = sourcecode.c.objc; name = LoginView.m; path = View/Login/LoginView.m; sourceTree = "<group>"; };
		6A7D2A091C23AA7300B81F60 /* AppConstants.h */ = {isa = PBXFileReference; fileEncoding = 4; lastKnownFileType = sourcecode.c.h; name = AppConstants.h; path = Utilities/AppConstants.h; sourceTree = "<group>"; };
		6A7D2A0B1C23AD1900B81F60 /* LoginToViewController.h */ = {isa = PBXFileReference; fileEncoding = 4; lastKnownFileType = sourcecode.c.h; name = LoginToViewController.h; path = ViewController/Login/LoginToViewController.h; sourceTree = "<group>"; };
		6A7D2A0C1C23AD1900B81F60 /* LoginToViewController.m */ = {isa = PBXFileReference; fileEncoding = 4; lastKnownFileType = sourcecode.c.objc; name = LoginToViewController.m; path = ViewController/Login/LoginToViewController.m; sourceTree = "<group>"; };
		6A8E0F621C2104A300EC19D6 /* PerkAppsaholic.app */ = {isa = PBXFileReference; explicitFileType = wrapper.application; includeInIndex = 0; path = PerkAppsaholic.app; sourceTree = BUILT_PRODUCTS_DIR; };
		6A8E0F661C2104A300EC19D6 /* main.m */ = {isa = PBXFileReference; lastKnownFileType = sourcecode.c.objc; path = main.m; sourceTree = "<group>"; };
		6A8E0F681C2104A300EC19D6 /* AppDelegate.h */ = {isa = PBXFileReference; lastKnownFileType = sourcecode.c.h; path = AppDelegate.h; sourceTree = "<group>"; };
		6A8E0F691C2104A300EC19D6 /* AppDelegate.m */ = {isa = PBXFileReference; lastKnownFileType = sourcecode.c.objc; path = AppDelegate.m; sourceTree = "<group>"; };
		6A8E0F6B1C2104A300EC19D6 /* LandingViewController.h */ = {isa = PBXFileReference; lastKnownFileType = sourcecode.c.h; path = LandingViewController.h; sourceTree = "<group>"; };
		6A8E0F6C1C2104A300EC19D6 /* LandingViewController.m */ = {isa = PBXFileReference; lastKnownFileType = sourcecode.c.objc; path = LandingViewController.m; sourceTree = "<group>"; };
		6A8E0F721C2104A300EC19D6 /* PerkAppsaholic.xcdatamodel */ = {isa = PBXFileReference; lastKnownFileType = wrapper.xcdatamodel; path = PerkAppsaholic.xcdatamodel; sourceTree = "<group>"; };
		6A8E0F741C2104A300EC19D6 /* Assets.xcassets */ = {isa = PBXFileReference; lastKnownFileType = folder.assetcatalog; path = Assets.xcassets; sourceTree = "<group>"; };
		6A8E0F771C2104A300EC19D6 /* Base */ = {isa = PBXFileReference; lastKnownFileType = file.storyboard; name = Base; path = Base.lproj/LaunchScreen.storyboard; sourceTree = "<group>"; };
		6A8E0F791C2104A300EC19D6 /* Info.plist */ = {isa = PBXFileReference; lastKnownFileType = text.plist.xml; path = Info.plist; sourceTree = "<group>"; };
		6A8E0F7E1C2104A300EC19D6 /* PerkAppsaholicTests.xctest */ = {isa = PBXFileReference; explicitFileType = wrapper.cfbundle; includeInIndex = 0; path = PerkAppsaholicTests.xctest; sourceTree = BUILT_PRODUCTS_DIR; };
		6A8E0F821C2104A300EC19D6 /* PerkAppsaholicTests.m */ = {isa = PBXFileReference; lastKnownFileType = sourcecode.c.objc; path = PerkAppsaholicTests.m; sourceTree = "<group>"; };
		6A8E0F841C2104A300EC19D6 /* Info.plist */ = {isa = PBXFileReference; lastKnownFileType = text.plist.xml; path = Info.plist; sourceTree = "<group>"; };
		6A8E0F891C2104A300EC19D6 /* PerkAppsaholicUITests.xctest */ = {isa = PBXFileReference; explicitFileType = wrapper.cfbundle; includeInIndex = 0; path = PerkAppsaholicUITests.xctest; sourceTree = BUILT_PRODUCTS_DIR; };
		6A8E0F8D1C2104A300EC19D6 /* PerkAppsaholicUITests.m */ = {isa = PBXFileReference; lastKnownFileType = sourcecode.c.objc; path = PerkAppsaholicUITests.m; sourceTree = "<group>"; };
		6A8E0F8F1C2104A300EC19D6 /* Info.plist */ = {isa = PBXFileReference; lastKnownFileType = text.plist.xml; path = Info.plist; sourceTree = "<group>"; };
		6A8E0F9B1C21080C00EC19D6 /* BaseViewController.h */ = {isa = PBXFileReference; fileEncoding = 4; lastKnownFileType = sourcecode.c.h; name = BaseViewController.h; path = ViewController/Base/BaseViewController.h; sourceTree = "<group>"; };
		6A8E0F9C1C21080C00EC19D6 /* BaseViewController.m */ = {isa = PBXFileReference; fileEncoding = 4; lastKnownFileType = sourcecode.c.objc; name = BaseViewController.m; path = ViewController/Base/BaseViewController.m; sourceTree = "<group>"; };
		6A8E0FA21C210A1100EC19D6 /* BaseView.h */ = {isa = PBXFileReference; fileEncoding = 4; lastKnownFileType = sourcecode.c.h; name = BaseView.h; path = View/Base/BaseView.h; sourceTree = "<group>"; };
		6A8E0FA31C210A1100EC19D6 /* BaseView.m */ = {isa = PBXFileReference; fileEncoding = 4; lastKnownFileType = sourcecode.c.objc; name = BaseView.m; path = View/Base/BaseView.m; sourceTree = "<group>"; };
		6A8E0FA51C210AA000EC19D6 /* LandingView.h */ = {isa = PBXFileReference; fileEncoding = 4; lastKnownFileType = sourcecode.c.h; name = LandingView.h; path = View/LandingView.h; sourceTree = "<group>"; };
		6A8E0FA61C210AA000EC19D6 /* LandingView.m */ = {isa = PBXFileReference; fileEncoding = 4; lastKnownFileType = sourcecode.c.objc; name = LandingView.m; path = View/LandingView.m; sourceTree = "<group>"; };
		6A94AD5A1C2257320093DFF3 /* HeaderView.h */ = {isa = PBXFileReference; fileEncoding = 4; lastKnownFileType = sourcecode.c.h; name = HeaderView.h; path = View/Header/HeaderView.h; sourceTree = "<group>"; };
		6A94AD5B1C2257320093DFF3 /* HeaderView.m */ = {isa = PBXFileReference; fileEncoding = 4; lastKnownFileType = sourcecode.c.objc; name = HeaderView.m; path = View/Header/HeaderView.m; sourceTree = "<group>"; };
		6A94AD5F1C225B590093DFF3 /* UIButton+MyButton.h */ = {isa = PBXFileReference; fileEncoding = 4; lastKnownFileType = sourcecode.c.h; name = "UIButton+MyButton.h"; path = "UI Catagories/UIButton+MyButton.h"; sourceTree = "<group>"; };
		6A94AD601C225B590093DFF3 /* UIButton+MyButton.m */ = {isa = PBXFileReference; fileEncoding = 4; lastKnownFileType = sourcecode.c.objc; name = "UIButton+MyButton.m"; path = "UI Catagories/UIButton+MyButton.m"; sourceTree = "<group>"; };
		6A94AD611C225B590093DFF3 /* UILabel+MyLabel.h */ = {isa = PBXFileReference; fileEncoding = 4; lastKnownFileType = sourcecode.c.h; name = "UILabel+MyLabel.h"; path = "UI Catagories/UILabel+MyLabel.h"; sourceTree = "<group>"; };
		6A94AD621C225B590093DFF3 /* UILabel+MyLabel.m */ = {isa = PBXFileReference; fileEncoding = 4; lastKnownFileType = sourcecode.c.objc; name = "UILabel+MyLabel.m"; path = "UI Catagories/UILabel+MyLabel.m"; sourceTree = "<group>"; };
		6A94AD631C225B590093DFF3 /* UITextField+MyTextField.h */ = {isa = PBXFileReference; fileEncoding = 4; lastKnownFileType = sourcecode.c.h; name = "UITextField+MyTextField.h"; path = "UI Catagories/UITextField+MyTextField.h"; sourceTree = "<group>"; };
		6A94AD641C225B590093DFF3 /* UITextField+MyTextField.m */ = {isa = PBXFileReference; fileEncoding = 4; lastKnownFileType = sourcecode.c.objc; name = "UITextField+MyTextField.m"; path = "UI Catagories/UITextField+MyTextField.m"; sourceTree = "<group>"; };
		AE5E11AB1C25309700C5A473 /* Utilities.h */ = {isa = PBXFileReference; fileEncoding = 4; lastKnownFileType = sourcecode.c.h; name = Utilities.h; path = Utilities/Utilities.h; sourceTree = "<group>"; };
		AE5E11AC1C25309700C5A473 /* Utilities.m */ = {isa = PBXFileReference; fileEncoding = 4; lastKnownFileType = sourcecode.c.objc; name = Utilities.m; path = Utilities/Utilities.m; sourceTree = "<group>"; };
		AE5E11AE1C2559B200C5A473 /* MenuView.h */ = {isa = PBXFileReference; fileEncoding = 4; lastKnownFileType = sourcecode.c.h; name = MenuView.h; path = View/MenuView.h; sourceTree = "<group>"; };
		AE5E11AF1C2559B200C5A473 /* MenuView.m */ = {isa = PBXFileReference; fileEncoding = 4; lastKnownFileType = sourcecode.c.objc; name = MenuView.m; path = View/MenuView.m; sourceTree = "<group>"; };
		AE5E11B11C255D5600C5A473 /* MenuCell.h */ = {isa = PBXFileReference; fileEncoding = 4; lastKnownFileType = sourcecode.c.h; name = MenuCell.h; path = View/MenuCell.h; sourceTree = "<group>"; };
		AE5E11B21C255D5600C5A473 /* MenuCell.m */ = {isa = PBXFileReference; fileEncoding = 4; lastKnownFileType = sourcecode.c.objc; name = MenuCell.m; path = View/MenuCell.m; sourceTree = "<group>"; };
		AE5E11B71C256E3000C5A473 /* Bus.png */ = {isa = PBXFileReference; lastKnownFileType = image.png; name = Bus.png; path = Images/Bus.png; sourceTree = "<group>"; };
		AE5E11B81C256E3000C5A473 /* Bus@2x.png */ = {isa = PBXFileReference; lastKnownFileType = image.png; name = "Bus@2x.png"; path = "Images/Bus@2x.png"; sourceTree = "<group>"; };
		AE5E11B91C256E3000C5A473 /* Bus@3x.png */ = {isa = PBXFileReference; lastKnownFileType = image.png; name = "Bus@3x.png"; path = "Images/Bus@3x.png"; sourceTree = "<group>"; };
		AE5E11BD1C256E3000C5A473 /* Logo.png */ = {isa = PBXFileReference; lastKnownFileType = image.png; name = Logo.png; path = Images/Logo.png; sourceTree = "<group>"; };
		AE5E11BE1C256E3000C5A473 /* Logo@2x.png */ = {isa = PBXFileReference; lastKnownFileType = image.png; name = "Logo@2x.png"; path = "Images/Logo@2x.png"; sourceTree = "<group>"; };
		AE5E11BF1C256E3000C5A473 /* Logo@3x.png */ = {isa = PBXFileReference; lastKnownFileType = image.png; name = "Logo@3x.png"; path = "Images/Logo@3x.png"; sourceTree = "<group>"; };
		AE5E11C91C256FBC00C5A473 /* iOSStandardTasks.framework */ = {isa = PBXFileReference; lastKnownFileType = wrapper.framework; path = iOSStandardTasks.framework; sourceTree = "<group>"; };
		AE5E11CB1C2570A800C5A473 /* Ham.png */ = {isa = PBXFileReference; lastKnownFileType = image.png; name = Ham.png; path = Images/Ham.png; sourceTree = "<group>"; };
		AE5E11CC1C2570A800C5A473 /* Ham@2x.png */ = {isa = PBXFileReference; lastKnownFileType = image.png; name = "Ham@2x.png"; path = "Images/Ham@2x.png"; sourceTree = "<group>"; };
		AE5E11CD1C2570A800C5A473 /* Ham@3x.png */ = {isa = PBXFileReference; lastKnownFileType = image.png; name = "Ham@3x.png"; path = "Images/Ham@3x.png"; sourceTree = "<group>"; };
		DBBD4F0A62C83A2499DEFAA6 /* Pods-PerkAppsaholic.release.xcconfig */ = {isa = PBXFileReference; includeInIndex = 1; lastKnownFileType = text.xcconfig; name = "Pods-PerkAppsaholic.release.xcconfig"; path = "Pods/Target Support Files/Pods-PerkAppsaholic/Pods-PerkAppsaholic.release.xcconfig"; sourceTree = "<group>"; };
/* End PBXFileReference section */

/* Begin PBXFrameworksBuildPhase section */
		6A8E0F5F1C2104A300EC19D6 /* Frameworks */ = {
			isa = PBXFrameworksBuildPhase;
			buildActionMask = 2147483647;
			files = (
				AE5E11CA1C256FBC00C5A473 /* iOSStandardTasks.framework in Frameworks */,
				736776B6440ED4FBF636EE35 /* libPods-PerkAppsaholic.a in Frameworks */,
			);
			runOnlyForDeploymentPostprocessing = 0;
		};
		6A8E0F7B1C2104A300EC19D6 /* Frameworks */ = {
			isa = PBXFrameworksBuildPhase;
			buildActionMask = 2147483647;
			files = (
			);
			runOnlyForDeploymentPostprocessing = 0;
		};
		6A8E0F861C2104A300EC19D6 /* Frameworks */ = {
			isa = PBXFrameworksBuildPhase;
			buildActionMask = 2147483647;
			files = (
			);
			runOnlyForDeploymentPostprocessing = 0;
		};
/* End PBXFrameworksBuildPhase section */

/* Begin PBXGroup section */
		6A7D2A041C23A86D00B81F60 /* Login */ = {
			isa = PBXGroup;
			children = (
				6A7D2A061C23A89C00B81F60 /* LoginView.h */,
				6A7D2A071C23A89C00B81F60 /* LoginView.m */,
			);
			name = Login;
			sourceTree = "<group>";
		};
		6A7D2A0A1C23ACEF00B81F60 /* Login */ = {
			isa = PBXGroup;
			children = (
				6A7D2A0B1C23AD1900B81F60 /* LoginToViewController.h */,
				6A7D2A0C1C23AD1900B81F60 /* LoginToViewController.m */,
			);
			name = Login;
			sourceTree = "<group>";
		};
		6A8E0F591C2104A300EC19D6 = {
			isa = PBXGroup;
			children = (
				6A8E0F641C2104A300EC19D6 /* PerkAppsaholic */,
				6A8E0F811C2104A300EC19D6 /* PerkAppsaholicTests */,
				6A8E0F8C1C2104A300EC19D6 /* PerkAppsaholicUITests */,
				6A8E0F631C2104A300EC19D6 /* Products */,
				B1919A390A4468EAF7FFE7E3 /* Pods */,
				DDCCD5A36182CD1A5D7E8175 /* Frameworks */,
			);
			sourceTree = "<group>";
		};
		6A8E0F631C2104A300EC19D6 /* Products */ = {
			isa = PBXGroup;
			children = (
				6A8E0F621C2104A300EC19D6 /* PerkAppsaholic.app */,
				6A8E0F7E1C2104A300EC19D6 /* PerkAppsaholicTests.xctest */,
				6A8E0F891C2104A300EC19D6 /* PerkAppsaholicUITests.xctest */,
			);
			name = Products;
			sourceTree = "<group>";
		};
		6A8E0F641C2104A300EC19D6 /* PerkAppsaholic */ = {
			isa = PBXGroup;
			children = (
				AE5E11C91C256FBC00C5A473 /* iOSStandardTasks.framework */,
				6A94AD5D1C225B340093DFF3 /* Utilities */,
				6A8E0FA01C2109E700EC19D6 /* Views */,
				6A8E0F9E1C21081200EC19D6 /* ViewController */,
				6A8E0F681C2104A300EC19D6 /* AppDelegate.h */,
				6A8E0F691C2104A300EC19D6 /* AppDelegate.m */,
				6A8E0F6B1C2104A300EC19D6 /* LandingViewController.h */,
				6A8E0F6C1C2104A300EC19D6 /* LandingViewController.m */,
				6A8E0F741C2104A300EC19D6 /* Assets.xcassets */,
				6A8E0F761C2104A300EC19D6 /* LaunchScreen.storyboard */,
				6A8E0F791C2104A300EC19D6 /* Info.plist */,
				AE5E11B61C256E0400C5A473 /* Images */,
				6A8E0F711C2104A300EC19D6 /* PerkAppsaholic.xcdatamodeld */,
				6A8E0F651C2104A300EC19D6 /* Supporting Files */,
			);
			path = PerkAppsaholic;
			sourceTree = "<group>";
		};
		6A8E0F651C2104A300EC19D6 /* Supporting Files */ = {
			isa = PBXGroup;
			children = (
				6A8E0F661C2104A300EC19D6 /* main.m */,
			);
			name = "Supporting Files";
			sourceTree = "<group>";
		};
		6A8E0F811C2104A300EC19D6 /* PerkAppsaholicTests */ = {
			isa = PBXGroup;
			children = (
				6A8E0F821C2104A300EC19D6 /* PerkAppsaholicTests.m */,
				6A8E0F841C2104A300EC19D6 /* Info.plist */,
			);
			path = PerkAppsaholicTests;
			sourceTree = "<group>";
		};
		6A8E0F8C1C2104A300EC19D6 /* PerkAppsaholicUITests */ = {
			isa = PBXGroup;
			children = (
				6A8E0F8D1C2104A300EC19D6 /* PerkAppsaholicUITests.m */,
				6A8E0F8F1C2104A300EC19D6 /* Info.plist */,
			);
			path = PerkAppsaholicUITests;
			sourceTree = "<group>";
		};
		6A8E0F9E1C21081200EC19D6 /* ViewController */ = {
			isa = PBXGroup;
			children = (
				6A7D2A0A1C23ACEF00B81F60 /* Login */,
				6A8E0F9F1C21081C00EC19D6 /* Base */,
			);
			name = ViewController;
			sourceTree = "<group>";
		};
		6A8E0F9F1C21081C00EC19D6 /* Base */ = {
			isa = PBXGroup;
			children = (
				6A8E0F9B1C21080C00EC19D6 /* BaseViewController.h */,
				6A8E0F9C1C21080C00EC19D6 /* BaseViewController.m */,
			);
			name = Base;
			sourceTree = "<group>";
		};
		6A8E0FA01C2109E700EC19D6 /* Views */ = {
			isa = PBXGroup;
			children = (
				6A7D2A041C23A86D00B81F60 /* Login */,
				6A8E0FA11C2109ED00EC19D6 /* Base */,
				6A8E0FA51C210AA000EC19D6 /* LandingView.h */,
				6A8E0FA61C210AA000EC19D6 /* LandingView.m */,
				6A94AD5A1C2257320093DFF3 /* HeaderView.h */,
				6A94AD5B1C2257320093DFF3 /* HeaderView.m */,
				AE5E11AE1C2559B200C5A473 /* MenuView.h */,
				AE5E11AF1C2559B200C5A473 /* MenuView.m */,
				AE5E11B11C255D5600C5A473 /* MenuCell.h */,
				AE5E11B21C255D5600C5A473 /* MenuCell.m */,
			);
			name = Views;
			sourceTree = "<group>";
		};
		6A8E0FA11C2109ED00EC19D6 /* Base */ = {
			isa = PBXGroup;
			children = (
				6A8E0FA21C210A1100EC19D6 /* BaseView.h */,
				6A8E0FA31C210A1100EC19D6 /* BaseView.m */,
			);
			name = Base;
			sourceTree = "<group>";
		};
		6A94AD5D1C225B340093DFF3 /* Utilities */ = {
			isa = PBXGroup;
			children = (
				6A94AD5E1C225B3D0093DFF3 /* UI Catagories */,
				6A7D2A091C23AA7300B81F60 /* AppConstants.h */,
				AE5E11AB1C25309700C5A473 /* Utilities.h */,
				AE5E11AC1C25309700C5A473 /* Utilities.m */,
			);
			name = Utilities;
			sourceTree = "<group>";
		};
		6A94AD5E1C225B3D0093DFF3 /* UI Catagories */ = {
			isa = PBXGroup;
			children = (
				6A94AD5F1C225B590093DFF3 /* UIButton+MyButton.h */,
				6A94AD601C225B590093DFF3 /* UIButton+MyButton.m */,
				6A94AD611C225B590093DFF3 /* UILabel+MyLabel.h */,
				6A94AD621C225B590093DFF3 /* UILabel+MyLabel.m */,
				6A94AD631C225B590093DFF3 /* UITextField+MyTextField.h */,
				6A94AD641C225B590093DFF3 /* UITextField+MyTextField.m */,
			);
			name = "UI Catagories";
			sourceTree = "<group>";
		};
		AE5E11B61C256E0400C5A473 /* Images */ = {
			isa = PBXGroup;
			children = (
				AE5E11B71C256E3000C5A473 /* Bus.png */,
				AE5E11B81C256E3000C5A473 /* Bus@2x.png */,
				AE5E11B91C256E3000C5A473 /* Bus@3x.png */,
				AE5E11CB1C2570A800C5A473 /* Ham.png */,
				AE5E11CC1C2570A800C5A473 /* Ham@2x.png */,
				AE5E11CD1C2570A800C5A473 /* Ham@3x.png */,
				AE5E11BD1C256E3000C5A473 /* Logo.png */,
				AE5E11BE1C256E3000C5A473 /* Logo@2x.png */,
				AE5E11BF1C256E3000C5A473 /* Logo@3x.png */,
			);
			name = Images;
			sourceTree = "<group>";
		};
		B1919A390A4468EAF7FFE7E3 /* Pods */ = {
			isa = PBXGroup;
			children = (
				05455CACC165109E5C831191 /* Pods-PerkAppsaholic.debug.xcconfig */,
				DBBD4F0A62C83A2499DEFAA6 /* Pods-PerkAppsaholic.release.xcconfig */,
			);
			name = Pods;
			sourceTree = "<group>";
		};
		DDCCD5A36182CD1A5D7E8175 /* Frameworks */ = {
			isa = PBXGroup;
			children = (
				0A30401D44C3B9E59DC26A5F /* libPods-PerkAppsaholic.a */,
			);
			name = Frameworks;
			sourceTree = "<group>";
		};
/* End PBXGroup section */

/* Begin PBXNativeTarget section */
		6A8E0F611C2104A300EC19D6 /* PerkAppsaholic */ = {
			isa = PBXNativeTarget;
			buildConfigurationList = 6A8E0F921C2104A300EC19D6 /* Build configuration list for PBXNativeTarget "PerkAppsaholic" */;
			buildPhases = (
				A24D7662772029447E4D0CAF /* Check Pods Manifest.lock */,
				6A8E0F5E1C2104A300EC19D6 /* Sources */,
				6A8E0F5F1C2104A300EC19D6 /* Frameworks */,
				6A8E0F601C2104A300EC19D6 /* Resources */,
				5A10DA938B264707587D13ED /* Embed Pods Frameworks */,
				6A58C9654FC3D66620A97FD4 /* Copy Pods Resources */,
			);
			buildRules = (
			);
			dependencies = (
			);
			name = PerkAppsaholic;
			productName = PerkAppsaholic;
			productReference = 6A8E0F621C2104A300EC19D6 /* PerkAppsaholic.app */;
			productType = "com.apple.product-type.application";
		};
		6A8E0F7D1C2104A300EC19D6 /* PerkAppsaholicTests */ = {
			isa = PBXNativeTarget;
			buildConfigurationList = 6A8E0F951C2104A300EC19D6 /* Build configuration list for PBXNativeTarget "PerkAppsaholicTests" */;
			buildPhases = (
				6A8E0F7A1C2104A300EC19D6 /* Sources */,
				6A8E0F7B1C2104A300EC19D6 /* Frameworks */,
				6A8E0F7C1C2104A300EC19D6 /* Resources */,
			);
			buildRules = (
			);
			dependencies = (
				6A8E0F801C2104A300EC19D6 /* PBXTargetDependency */,
			);
			name = PerkAppsaholicTests;
			productName = PerkAppsaholicTests;
			productReference = 6A8E0F7E1C2104A300EC19D6 /* PerkAppsaholicTests.xctest */;
			productType = "com.apple.product-type.bundle.unit-test";
		};
		6A8E0F881C2104A300EC19D6 /* PerkAppsaholicUITests */ = {
			isa = PBXNativeTarget;
			buildConfigurationList = 6A8E0F981C2104A300EC19D6 /* Build configuration list for PBXNativeTarget "PerkAppsaholicUITests" */;
			buildPhases = (
				6A8E0F851C2104A300EC19D6 /* Sources */,
				6A8E0F861C2104A300EC19D6 /* Frameworks */,
				6A8E0F871C2104A300EC19D6 /* Resources */,
			);
			buildRules = (
			);
			dependencies = (
				6A8E0F8B1C2104A300EC19D6 /* PBXTargetDependency */,
			);
			name = PerkAppsaholicUITests;
			productName = PerkAppsaholicUITests;
			productReference = 6A8E0F891C2104A300EC19D6 /* PerkAppsaholicUITests.xctest */;
			productType = "com.apple.product-type.bundle.ui-testing";
		};
/* End PBXNativeTarget section */

/* Begin PBXProject section */
		6A8E0F5A1C2104A300EC19D6 /* Project object */ = {
			isa = PBXProject;
			attributes = {
				LastUpgradeCheck = 0710;
				ORGANIZATIONNAME = "Muthuraj Muthulingam";
				TargetAttributes = {
					6A8E0F611C2104A300EC19D6 = {
						CreatedOnToolsVersion = 7.1;
					};
					6A8E0F7D1C2104A300EC19D6 = {
						CreatedOnToolsVersion = 7.1;
						TestTargetID = 6A8E0F611C2104A300EC19D6;
					};
					6A8E0F881C2104A300EC19D6 = {
						CreatedOnToolsVersion = 7.1;
						TestTargetID = 6A8E0F611C2104A300EC19D6;
					};
				};
			};
			buildConfigurationList = 6A8E0F5D1C2104A300EC19D6 /* Build configuration list for PBXProject "PerkAppsaholic" */;
			compatibilityVersion = "Xcode 3.2";
			developmentRegion = English;
			hasScannedForEncodings = 0;
			knownRegions = (
				en,
				Base,
			);
			mainGroup = 6A8E0F591C2104A300EC19D6;
			productRefGroup = 6A8E0F631C2104A300EC19D6 /* Products */;
			projectDirPath = "";
			projectRoot = "";
			targets = (
				6A8E0F611C2104A300EC19D6 /* PerkAppsaholic */,
				6A8E0F7D1C2104A300EC19D6 /* PerkAppsaholicTests */,
				6A8E0F881C2104A300EC19D6 /* PerkAppsaholicUITests */,
			);
		};
/* End PBXProject section */

/* Begin PBXResourcesBuildPhase section */
		6A8E0F601C2104A300EC19D6 /* Resources */ = {
			isa = PBXResourcesBuildPhase;
			buildActionMask = 2147483647;
			files = (
				AE5E11C61C256E3000C5A473 /* Logo.png in Resources */,
				AE5E11CF1C2570A800C5A473 /* Ham@2x.png in Resources */,
				AE5E11C71C256E3000C5A473 /* Logo@2x.png in Resources */,
				AE5E11C21C256E3000C5A473 /* Bus@3x.png in Resources */,
				AE5E11C81C256E3000C5A473 /* Logo@3x.png in Resources */,
				AE5E11C01C256E3000C5A473 /* Bus.png in Resources */,
				AE5E11C11C256E3000C5A473 /* Bus@2x.png in Resources */,
				AE5E11D01C2570A800C5A473 /* Ham@3x.png in Resources */,
				AE5E11CE1C2570A800C5A473 /* Ham.png in Resources */,
				6A8E0F781C2104A300EC19D6 /* LaunchScreen.storyboard in Resources */,
				6A8E0F751C2104A300EC19D6 /* Assets.xcassets in Resources */,
			);
			runOnlyForDeploymentPostprocessing = 0;
		};
		6A8E0F7C1C2104A300EC19D6 /* Resources */ = {
			isa = PBXResourcesBuildPhase;
			buildActionMask = 2147483647;
			files = (
			);
			runOnlyForDeploymentPostprocessing = 0;
		};
		6A8E0F871C2104A300EC19D6 /* Resources */ = {
			isa = PBXResourcesBuildPhase;
			buildActionMask = 2147483647;
			files = (
			);
			runOnlyForDeploymentPostprocessing = 0;
		};
/* End PBXResourcesBuildPhase section */

/* Begin PBXShellScriptBuildPhase section */
		5A10DA938B264707587D13ED /* Embed Pods Frameworks */ = {
			isa = PBXShellScriptBuildPhase;
			buildActionMask = 2147483647;
			files = (
			);
			inputPaths = (
			);
			name = "Embed Pods Frameworks";
			outputPaths = (
			);
			runOnlyForDeploymentPostprocessing = 0;
			shellPath = /bin/sh;
			shellScript = "\"${SRCROOT}/Pods/Target Support Files/Pods-PerkAppsaholic/Pods-PerkAppsaholic-frameworks.sh\"\n";
			showEnvVarsInLog = 0;
		};
		6A58C9654FC3D66620A97FD4 /* Copy Pods Resources */ = {
			isa = PBXShellScriptBuildPhase;
			buildActionMask = 2147483647;
			files = (
			);
			inputPaths = (
			);
			name = "Copy Pods Resources";
			outputPaths = (
			);
			runOnlyForDeploymentPostprocessing = 0;
			shellPath = /bin/sh;
			shellScript = "\"${SRCROOT}/Pods/Target Support Files/Pods-PerkAppsaholic/Pods-PerkAppsaholic-resources.sh\"\n";
			showEnvVarsInLog = 0;
		};
		A24D7662772029447E4D0CAF /* Check Pods Manifest.lock */ = {
			isa = PBXShellScriptBuildPhase;
			buildActionMask = 2147483647;
			files = (
			);
			inputPaths = (
			);
			name = "Check Pods Manifest.lock";
			outputPaths = (
			);
			runOnlyForDeploymentPostprocessing = 0;
			shellPath = /bin/sh;
			shellScript = "diff \"${PODS_ROOT}/../Podfile.lock\" \"${PODS_ROOT}/Manifest.lock\" > /dev/null\nif [[ $? != 0 ]] ; then\n    cat << EOM\nerror: The sandbox is not in sync with the Podfile.lock. Run 'pod install' or update your CocoaPods installation.\nEOM\n    exit 1\nfi\n";
			showEnvVarsInLog = 0;
		};
/* End PBXShellScriptBuildPhase section */

/* Begin PBXSourcesBuildPhase section */
		6A8E0F5E1C2104A300EC19D6 /* Sources */ = {
			isa = PBXSourcesBuildPhase;
			buildActionMask = 2147483647;
			files = (
				6A8E0F6D1C2104A300EC19D6 /* LandingViewController.m in Sources */,
				6A94AD5C1C2257320093DFF3 /* HeaderView.m in Sources */,
				6A8E0F9D1C21080C00EC19D6 /* BaseViewController.m in Sources */,
				6A94AD651C225B590093DFF3 /* UIButton+MyButton.m in Sources */,
				6A7D2A0D1C23AD1900B81F60 /* LoginToViewController.m in Sources */,
				6A94AD661C225B590093DFF3 /* UILabel+MyLabel.m in Sources */,
				6A8E0F731C2104A300EC19D6 /* PerkAppsaholic.xcdatamodeld in Sources */,
				6A8E0F6A1C2104A300EC19D6 /* AppDelegate.m in Sources */,
				6A8E0F671C2104A300EC19D6 /* main.m in Sources */,
				AE5E11AD1C25309700C5A473 /* Utilities.m in Sources */,
				AE5E11B31C255D5600C5A473 /* MenuCell.m in Sources */,
				6A94AD671C225B590093DFF3 /* UITextField+MyTextField.m in Sources */,
				6A8E0FA41C210A1100EC19D6 /* BaseView.m in Sources */,
				6A7D2A081C23A89C00B81F60 /* LoginView.m in Sources */,
				6A8E0FA71C210AA000EC19D6 /* LandingView.m in Sources */,
				AE5E11B01C2559B200C5A473 /* MenuView.m in Sources */,
			);
			runOnlyForDeploymentPostprocessing = 0;
		};
		6A8E0F7A1C2104A300EC19D6 /* Sources */ = {
			isa = PBXSourcesBuildPhase;
			buildActionMask = 2147483647;
			files = (
				6A8E0F831C2104A300EC19D6 /* PerkAppsaholicTests.m in Sources */,
			);
			runOnlyForDeploymentPostprocessing = 0;
		};
		6A8E0F851C2104A300EC19D6 /* Sources */ = {
			isa = PBXSourcesBuildPhase;
			buildActionMask = 2147483647;
			files = (
				6A8E0F8E1C2104A300EC19D6 /* PerkAppsaholicUITests.m in Sources */,
			);
			runOnlyForDeploymentPostprocessing = 0;
		};
/* End PBXSourcesBuildPhase section */

/* Begin PBXTargetDependency section */
		6A8E0F801C2104A300EC19D6 /* PBXTargetDependency */ = {
			isa = PBXTargetDependency;
			target = 6A8E0F611C2104A300EC19D6 /* PerkAppsaholic */;
			targetProxy = 6A8E0F7F1C2104A300EC19D6 /* PBXContainerItemProxy */;
		};
		6A8E0F8B1C2104A300EC19D6 /* PBXTargetDependency */ = {
			isa = PBXTargetDependency;
			target = 6A8E0F611C2104A300EC19D6 /* PerkAppsaholic */;
			targetProxy = 6A8E0F8A1C2104A300EC19D6 /* PBXContainerItemProxy */;
		};
/* End PBXTargetDependency section */

/* Begin PBXVariantGroup section */
		6A8E0F761C2104A300EC19D6 /* LaunchScreen.storyboard */ = {
			isa = PBXVariantGroup;
			children = (
				6A8E0F771C2104A300EC19D6 /* Base */,
			);
			name = LaunchScreen.storyboard;
			sourceTree = "<group>";
		};
/* End PBXVariantGroup section */

/* Begin XCBuildConfiguration section */
		6A8E0F901C2104A300EC19D6 /* Debug */ = {
			isa = XCBuildConfiguration;
			buildSettings = {
				ALWAYS_SEARCH_USER_PATHS = NO;
				CLANG_CXX_LANGUAGE_STANDARD = "gnu++0x";
				CLANG_CXX_LIBRARY = "libc++";
				CLANG_ENABLE_MODULES = YES;
				CLANG_ENABLE_OBJC_ARC = YES;
				CLANG_WARN_BOOL_CONVERSION = YES;
				CLANG_WARN_CONSTANT_CONVERSION = YES;
				CLANG_WARN_DIRECT_OBJC_ISA_USAGE = YES_ERROR;
				CLANG_WARN_EMPTY_BODY = YES;
				CLANG_WARN_ENUM_CONVERSION = YES;
				CLANG_WARN_INT_CONVERSION = YES;
				CLANG_WARN_OBJC_ROOT_CLASS = YES_ERROR;
				CLANG_WARN_UNREACHABLE_CODE = YES;
				CLANG_WARN__DUPLICATE_METHOD_MATCH = YES;
				"CODE_SIGN_IDENTITY[sdk=iphoneos*]" = "iPhone Developer";
				COPY_PHASE_STRIP = NO;
				DEBUG_INFORMATION_FORMAT = dwarf;
				ENABLE_STRICT_OBJC_MSGSEND = YES;
				ENABLE_TESTABILITY = YES;
				GCC_C_LANGUAGE_STANDARD = gnu99;
				GCC_DYNAMIC_NO_PIC = NO;
				GCC_NO_COMMON_BLOCKS = YES;
				GCC_OPTIMIZATION_LEVEL = 0;
				GCC_PREPROCESSOR_DEFINITIONS = (
					"DEBUG=1",
					"$(inherited)",
				);
				GCC_WARN_64_TO_32_BIT_CONVERSION = YES;
				GCC_WARN_ABOUT_RETURN_TYPE = YES_ERROR;
				GCC_WARN_UNDECLARED_SELECTOR = YES;
				GCC_WARN_UNINITIALIZED_AUTOS = YES_AGGRESSIVE;
				GCC_WARN_UNUSED_FUNCTION = YES;
				GCC_WARN_UNUSED_VARIABLE = YES;
				IPHONEOS_DEPLOYMENT_TARGET = 9.1;
				MTL_ENABLE_DEBUG_INFO = YES;
				ONLY_ACTIVE_ARCH = YES;
				SDKROOT = iphoneos;
			};
			name = Debug;
		};
		6A8E0F911C2104A300EC19D6 /* Release */ = {
			isa = XCBuildConfiguration;
			buildSettings = {
				ALWAYS_SEARCH_USER_PATHS = NO;
				CLANG_CXX_LANGUAGE_STANDARD = "gnu++0x";
				CLANG_CXX_LIBRARY = "libc++";
				CLANG_ENABLE_MODULES = YES;
				CLANG_ENABLE_OBJC_ARC = YES;
				CLANG_WARN_BOOL_CONVERSION = YES;
				CLANG_WARN_CONSTANT_CONVERSION = YES;
				CLANG_WARN_DIRECT_OBJC_ISA_USAGE = YES_ERROR;
				CLANG_WARN_EMPTY_BODY = YES;
				CLANG_WARN_ENUM_CONVERSION = YES;
				CLANG_WARN_INT_CONVERSION = YES;
				CLANG_WARN_OBJC_ROOT_CLASS = YES_ERROR;
				CLANG_WARN_UNREACHABLE_CODE = YES;
				CLANG_WARN__DUPLICATE_METHOD_MATCH = YES;
				"CODE_SIGN_IDENTITY[sdk=iphoneos*]" = "iPhone Developer";
				COPY_PHASE_STRIP = NO;
				DEBUG_INFORMATION_FORMAT = "dwarf-with-dsym";
				ENABLE_NS_ASSERTIONS = NO;
				ENABLE_STRICT_OBJC_MSGSEND = YES;
				GCC_C_LANGUAGE_STANDARD = gnu99;
				GCC_NO_COMMON_BLOCKS = YES;
				GCC_WARN_64_TO_32_BIT_CONVERSION = YES;
				GCC_WARN_ABOUT_RETURN_TYPE = YES_ERROR;
				GCC_WARN_UNDECLARED_SELECTOR = YES;
				GCC_WARN_UNINITIALIZED_AUTOS = YES_AGGRESSIVE;
				GCC_WARN_UNUSED_FUNCTION = YES;
				GCC_WARN_UNUSED_VARIABLE = YES;
				IPHONEOS_DEPLOYMENT_TARGET = 9.1;
				MTL_ENABLE_DEBUG_INFO = NO;
				SDKROOT = iphoneos;
				VALIDATE_PRODUCT = YES;
			};
			name = Release;
		};
		6A8E0F931C2104A300EC19D6 /* Debug */ = {
			isa = XCBuildConfiguration;
			baseConfigurationReference = 05455CACC165109E5C831191 /* Pods-PerkAppsaholic.debug.xcconfig */;
			buildSettings = {
				ASSETCATALOG_COMPILER_APPICON_NAME = AppIcon;
				FRAMEWORK_SEARCH_PATHS = (
					"$(inherited)",
					"$(PROJECT_DIR)/PerkAppsaholic",
				);
				INFOPLIST_FILE = PerkAppsaholic/Info.plist;
				IPHONEOS_DEPLOYMENT_TARGET = 8.0;
				LD_RUNPATH_SEARCH_PATHS = "$(inherited) @executable_path/Frameworks";
				PRODUCT_BUNDLE_IDENTIFIER = com.muthuraj.PerkAppsaholic;
				PRODUCT_NAME = "$(TARGET_NAME)";
			};
			name = Debug;
		};
		6A8E0F941C2104A300EC19D6 /* Release */ = {
			isa = XCBuildConfiguration;
			baseConfigurationReference = DBBD4F0A62C83A2499DEFAA6 /* Pods-PerkAppsaholic.release.xcconfig */;
			buildSettings = {
				ASSETCATALOG_COMPILER_APPICON_NAME = AppIcon;
				FRAMEWORK_SEARCH_PATHS = (
					"$(inherited)",
					"$(PROJECT_DIR)/PerkAppsaholic",
				);
				INFOPLIST_FILE = PerkAppsaholic/Info.plist;
				IPHONEOS_DEPLOYMENT_TARGET = 8.0;
				LD_RUNPATH_SEARCH_PATHS = "$(inherited) @executable_path/Frameworks";
				PRODUCT_BUNDLE_IDENTIFIER = com.muthuraj.PerkAppsaholic;
				PRODUCT_NAME = "$(TARGET_NAME)";
			};
			name = Release;
		};
		6A8E0F961C2104A300EC19D6 /* Debug */ = {
			isa = XCBuildConfiguration;
			buildSettings = {
				BUNDLE_LOADER = "$(TEST_HOST)";
				INFOPLIST_FILE = PerkAppsaholicTests/Info.plist;
				LD_RUNPATH_SEARCH_PATHS = "$(inherited) @executable_path/Frameworks @loader_path/Frameworks";
				PRODUCT_BUNDLE_IDENTIFIER = muthuraj.PerkAppsaholicTests;
				PRODUCT_NAME = "$(TARGET_NAME)";
				TEST_HOST = "$(BUILT_PRODUCTS_DIR)/PerkAppsaholic.app/PerkAppsaholic";
			};
			name = Debug;
		};
		6A8E0F971C2104A300EC19D6 /* Release */ = {
			isa = XCBuildConfiguration;
			buildSettings = {
				BUNDLE_LOADER = "$(TEST_HOST)";
				INFOPLIST_FILE = PerkAppsaholicTests/Info.plist;
				LD_RUNPATH_SEARCH_PATHS = "$(inherited) @executable_path/Frameworks @loader_path/Frameworks";
				PRODUCT_BUNDLE_IDENTIFIER = muthuraj.PerkAppsaholicTests;
				PRODUCT_NAME = "$(TARGET_NAME)";
				TEST_HOST = "$(BUILT_PRODUCTS_DIR)/PerkAppsaholic.app/PerkAppsaholic";
			};
			name = Release;
		};
		6A8E0F991C2104A300EC19D6 /* Debug */ = {
			isa = XCBuildConfiguration;
			buildSettings = {
				INFOPLIST_FILE = PerkAppsaholicUITests/Info.plist;
				LD_RUNPATH_SEARCH_PATHS = "$(inherited) @executable_path/Frameworks @loader_path/Frameworks";
				PRODUCT_BUNDLE_IDENTIFIER = muthuraj.PerkAppsaholicUITests;
				PRODUCT_NAME = "$(TARGET_NAME)";
				TEST_TARGET_NAME = PerkAppsaholic;
				USES_XCTRUNNER = YES;
			};
			name = Debug;
		};
		6A8E0F9A1C2104A300EC19D6 /* Release */ = {
			isa = XCBuildConfiguration;
			buildSettings = {
				INFOPLIST_FILE = PerkAppsaholicUITests/Info.plist;
				LD_RUNPATH_SEARCH_PATHS = "$(inherited) @executable_path/Frameworks @loader_path/Frameworks";
				PRODUCT_BUNDLE_IDENTIFIER = muthuraj.PerkAppsaholicUITests;
				PRODUCT_NAME = "$(TARGET_NAME)";
				TEST_TARGET_NAME = PerkAppsaholic;
				USES_XCTRUNNER = YES;
			};
			name = Release;
		};
/* End XCBuildConfiguration section */

/* Begin XCConfigurationList section */
		6A8E0F5D1C2104A300EC19D6 /* Build configuration list for PBXProject "PerkAppsaholic" */ = {
			isa = XCConfigurationList;
			buildConfigurations = (
				6A8E0F901C2104A300EC19D6 /* Debug */,
				6A8E0F911C2104A300EC19D6 /* Release */,
			);
			defaultConfigurationIsVisible = 0;
			defaultConfigurationName = Release;
		};
		6A8E0F921C2104A300EC19D6 /* Build configuration list for PBXNativeTarget "PerkAppsaholic" */ = {
			isa = XCConfigurationList;
			buildConfigurations = (
				6A8E0F931C2104A300EC19D6 /* Debug */,
				6A8E0F941C2104A300EC19D6 /* Release */,
			);
			defaultConfigurationIsVisible = 0;
			defaultConfigurationName = Release;
		};
		6A8E0F951C2104A300EC19D6 /* Build configuration list for PBXNativeTarget "PerkAppsaholicTests" */ = {
			isa = XCConfigurationList;
			buildConfigurations = (
				6A8E0F961C2104A300EC19D6 /* Debug */,
				6A8E0F971C2104A300EC19D6 /* Release */,
			);
			defaultConfigurationIsVisible = 0;
			defaultConfigurationName = Release;
		};
		6A8E0F981C2104A300EC19D6 /* Build configuration list for PBXNativeTarget "PerkAppsaholicUITests" */ = {
			isa = XCConfigurationList;
			buildConfigurations = (
				6A8E0F991C2104A300EC19D6 /* Debug */,
				6A8E0F9A1C2104A300EC19D6 /* Release */,
			);
			defaultConfigurationIsVisible = 0;
			defaultConfigurationName = Release;
		};
/* End XCConfigurationList section */

/* Begin XCVersionGroup section */
		6A8E0F711C2104A300EC19D6 /* PerkAppsaholic.xcdatamodeld */ = {
			isa = XCVersionGroup;
			children = (
				6A8E0F721C2104A300EC19D6 /* PerkAppsaholic.xcdatamodel */,
			);
			currentVersion = 6A8E0F721C2104A300EC19D6 /* PerkAppsaholic.xcdatamodel */;
			path = PerkAppsaholic.xcdatamodeld;
			sourceTree = "<group>";
			versionGroupType = wrapper.xcdatamodel;
		};
/* End XCVersionGroup section */
	};
	rootObject = 6A8E0F5A1C2104A300EC19D6 /* Project object */;
}
